
Microsoft Visual Studio Solution File, Format Version 12.00
# Visual Studio Version 16
VisualStudioVersion = 16.0.30114.105
MinimumVisualStudioVersion = 10.0.40219.1
Project("{2150E333-8FDC-42A3-9474-1A3956D46DE8}") = "src", "src", "{A43762C2-F9CB-40B8-9273-32D7E82095C2}"
EndProject
Project("{FAE04EC0-301F-11D3-BF4B-00C04F79EFBC}") = "test", "src\test\test.csproj", "{833AC646-7684-462B-B711-F3B21A1C7FAC}"
EndProject
Global
	GlobalSection(SolutionConfigurationPlatforms) = preSolution
		Debug|Any CPU = Debug|Any CPU
		Release|Any CPU = Release|Any CPU
	EndGlobalSection
	GlobalSection(SolutionProperties) = preSolution
		HideSolutionNode = FALSE
	EndGlobalSection
	GlobalSection(ProjectConfigurationPlatforms) = postSolution
		{833AC646-7684-462B-B711-F3B21A1C7FAC}.Debug|Any CPU.ActiveCfg = Debug|Any CPU
		{833AC646-7684-462B-B711-F3B21A1C7FAC}.Debug|Any CPU.Build.0 = Debug|Any CPU
		{833AC646-7684-462B-B711-F3B21A1C7FAC}.Release|Any CPU.ActiveCfg = Release|Any CPU
		{833AC646-7684-462B-B711-F3B21A1C7FAC}.Release|Any CPU.Build.0 = Release|Any CPU
	EndGlobalSection
	GlobalSection(NestedProjects) = preSolution
		{833AC646-7684-462B-B711-F3B21A1C7FAC} = {A43762C2-F9CB-40B8-9273-32D7E82095C2}
	EndGlobalSection
EndGlobal
